
Microsoft Visual Studio Solution File, Format Version 12.00
# Visual Studio Version 17
VisualStudioVersion = 17.13.35919.96
MinimumVisualStudioVersion = 10.0.40219.1
Project("{FAE04EC0-301F-11D3-BF4B-00C04F79EFBC}") = "SafeVault.Backend", "SafeVault.Backend\SafeVault.Backend.csproj", "{C00971B9-3701-4D93-9B03-EC2E858580F7}"
EndProject
Project("{FAE04EC0-301F-11D3-BF4B-00C04F79EFBC}") = "SafeVault.Frontend", "SafeVault.Frontend\SafeVault.Frontend.csproj", "{86C74C4D-AADE-4EF8-A082-4E1E1E4C9052}"
EndProject
Project("{FAE04EC0-301F-11D3-BF4B-00C04F79EFBC}") = "SafeVault.Backend.Testing", "SafeVault.Backend.Testing\SafeVault.Backend.Testing.csproj", "{7F328673-DE6B-47EC-B5EF-CC82FE293BD1}"
EndProject
Project("{FAE04EC0-301F-11D3-BF4B-00C04F79EFBC}") = "SafeVault.Frontend.Testing", "SafeVault.Frontend.Testing\SafeVault.Frontend.Testing.csproj", "{6CC8647E-C6E3-492D-B86A-E94BF3B5D609}"
EndProject
Global
	GlobalSection(SolutionConfigurationPlatforms) = preSolution
		Debug|Any CPU = Debug|Any CPU
		Release|Any CPU = Release|Any CPU
	EndGlobalSection
	GlobalSection(ProjectConfigurationPlatforms) = postSolution
		{C00971B9-3701-4D93-9B03-EC2E858580F7}.Debug|Any CPU.ActiveCfg = Debug|Any CPU
		{C00971B9-3701-4D93-9B03-EC2E858580F7}.Debug|Any CPU.Build.0 = Debug|Any CPU
		{C00971B9-3701-4D93-9B03-EC2E858580F7}.Release|Any CPU.ActiveCfg = Release|Any CPU
		{C00971B9-3701-4D93-9B03-EC2E858580F7}.Release|Any CPU.Build.0 = Release|Any CPU
		{86C74C4D-AADE-4EF8-A082-4E1E1E4C9052}.Debug|Any CPU.ActiveCfg = Debug|Any CPU
		{86C74C4D-AADE-4EF8-A082-4E1E1E4C9052}.Debug|Any CPU.Build.0 = Debug|Any CPU
		{86C74C4D-AADE-4EF8-A082-4E1E1E4C9052}.Release|Any CPU.ActiveCfg = Release|Any CPU
		{86C74C4D-AADE-4EF8-A082-4E1E1E4C9052}.Release|Any CPU.Build.0 = Release|Any CPU
		{7F328673-DE6B-47EC-B5EF-CC82FE293BD1}.Debug|Any CPU.ActiveCfg = Debug|Any CPU
		{7F328673-DE6B-47EC-B5EF-CC82FE293BD1}.Debug|Any CPU.Build.0 = Debug|Any CPU
		{7F328673-DE6B-47EC-B5EF-CC82FE293BD1}.Release|Any CPU.ActiveCfg = Release|Any CPU
		{7F328673-DE6B-47EC-B5EF-CC82FE293BD1}.Release|Any CPU.Build.0 = Release|Any CPU
		{6CC8647E-C6E3-492D-B86A-E94BF3B5D609}.Debug|Any CPU.ActiveCfg = Debug|Any CPU
		{6CC8647E-C6E3-492D-B86A-E94BF3B5D609}.Debug|Any CPU.Build.0 = Debug|Any CPU
		{6CC8647E-C6E3-492D-B86A-E94BF3B5D609}.Release|Any CPU.ActiveCfg = Release|Any CPU
		{6CC8647E-C6E3-492D-B86A-E94BF3B5D609}.Release|Any CPU.Build.0 = Release|Any CPU
	EndGlobalSection
	GlobalSection(SolutionProperties) = preSolution
		HideSolutionNode = FALSE
	EndGlobalSection
	GlobalSection(ExtensibilityGlobals) = postSolution
		SolutionGuid = {8D3102C5-9788-4B12-8F82-2A5E5C19AC63}
	EndGlobalSection
EndGlobal
